# THIS IS AN AUTOGENERATED FILE. DO NOT EDIT THIS FILE DIRECTLY.
# yarn lockfile v1


"@esbuild/android-arm64@0.16.6":
  version "0.16.6"
  resolved "https://registry.yarnpkg.com/@esbuild/android-arm64/-/android-arm64-0.16.6.tgz#670061e921b2ef56adfa04ed66013e892136ec58"
  integrity sha512-5mSVUNQoEpnvWBgMnEKlHGjrK/3kqRoj+YkErK+RbKMlxCGzzkqh+vSGY0pq+RCobAXs0BlBQMQ+8ZutAkyStw==

"@esbuild/android-arm@0.16.6":
  version "0.16.6"
  resolved "https://registry.yarnpkg.com/@esbuild/android-arm/-/android-arm-0.16.6.tgz#450a79c5b04f955106515b0d24d0a428f3b7b468"
  integrity sha512-wc1AyHlFS8eejfAdePn2wr8/5zEa+FvF3ipBeTo4Qm9Xl0A0miTUfphwzXa3xdxU2pHimRCzIAUhjlbSSts8JQ==

"@esbuild/android-x64@0.16.6":
  version "0.16.6"
  resolved "https://registry.yarnpkg.com/@esbuild/android-x64/-/android-x64-0.16.6.tgz#d62788083113d54456c79d8aefb4a8f922ff9100"
  integrity sha512-zqbsOaB908GEO4JyVlkV5a9jjHVk35eR6dd3VvOdbu0u0BufaCblFjslbUP8ARGoLS77TWRe1mBpbcySkyybKQ==

"@esbuild/darwin-arm64@0.16.6":
  version "0.16.6"
  resolved "https://registry.yarnpkg.com/@esbuild/darwin-arm64/-/darwin-arm64-0.16.6.tgz#2d1c78ce0752236fa088fc3cc4e33a4fd3d26c84"
  integrity sha512-uc46Du5AiooWidDIkXeU3HWIuLTzVbYp95slpd9SdDH7FjXWgiiEo7DXzoUoPxGwkUfPgQvvgFKx3TqsYvy68w==

"@esbuild/darwin-x64@0.16.6":
  version "0.16.6"
  resolved "https://registry.yarnpkg.com/@esbuild/darwin-x64/-/darwin-x64-0.16.6.tgz#873b80540e5e8f0d1b87e2a48e7bfaecc097bfc0"
  integrity sha512-ND/o8hoEpXxIOqhRbt73tyvnu3WWA8MeuMAVww0crdubpzzEevH0S8r6uRjrHn1H4etRSmWwTbM3rHul68BJOA==

"@esbuild/freebsd-arm64@0.16.6":
  version "0.16.6"
  resolved "https://registry.yarnpkg.com/@esbuild/freebsd-arm64/-/freebsd-arm64-0.16.6.tgz#3d432d5e9fa17955f1e8b23255a00207f22891c0"
  integrity sha512-mMHz7ePkfVXW5wEhRR0XtoTlXDa5F1hIoxnfoeY+G0wWs4Q3HZgHZrXw3PSO26JnZOxIgyV/OuWIP87nQoWegQ==

"@esbuild/freebsd-x64@0.16.6":
  version "0.16.6"
  resolved "https://registry.yarnpkg.com/@esbuild/freebsd-x64/-/freebsd-x64-0.16.6.tgz#7e892ec08c9a11863e86feff169452f3cde967af"
  integrity sha512-/BneBfb5v+VAqjDLt8Q/5llb7smIEJVPd1afNJDShRfj2qr5nIwh1FJaOjoEWe6I1sucdKJ/EbwOujH+iBkW/g==

"@esbuild/linux-arm64@0.16.6":
  version "0.16.6"
  resolved "https://registry.yarnpkg.com/@esbuild/linux-arm64/-/linux-arm64-0.16.6.tgz#d1e2b0099cb19dce96ef9e4d4b94bc861c9b39cc"
  integrity sha512-1h2EyMOB9X2VfFzBv4/Xo+OcGj3fmZEwvGxOdDRPxSP8ZVQiqc4XesCVur85VjP0MLPC+y7PioDc/uWpwFadFw==

"@esbuild/linux-arm@0.16.6":
  version "0.16.6"
  resolved "https://registry.yarnpkg.com/@esbuild/linux-arm/-/linux-arm-0.16.6.tgz#ecb1543b12c27f7e4c7ad67d5e13d9a08d034e55"
  integrity sha512-hdw0JS24ToFAnWJJbexr62ZRTcl/yJSPeNZR4fAAJY4PcghgQcnp8lO5MdxBe2QCNz3i5WYCoGZcU4+TBJJMDg==

"@esbuild/linux-ia32@0.16.6":
  version "0.16.6"
  resolved "https://registry.yarnpkg.com/@esbuild/linux-ia32/-/linux-ia32-0.16.6.tgz#916c13e4076d03cabbbfaa6735e6c195fe332932"
  integrity sha512-MyBWPjAMAlnkYANHCjeun2QsOn5cY1RxXAqnG0hE+fEmeX/hJK9pj6wQ5QptAew7sKt9flcOLKEB/hn2mr/xUw==

"@esbuild/linux-loong64@0.16.6":
  version "0.16.6"
  resolved "https://registry.yarnpkg.com/@esbuild/linux-loong64/-/linux-loong64-0.16.6.tgz#d337a6cfb132288ac59e1f028be9b16cf4c7d339"
  integrity sha512-wJAE0pZrY47xWRIYkBrOYRKWJ9vE1XBC7PtuGy4/Ii0Au2VRc52A/VxIHwRI0NyQMNRkjOD5PpS/ruhnNx7JNA==

"@esbuild/linux-mips64el@0.16.6":
  version "0.16.6"
  resolved "https://registry.yarnpkg.com/@esbuild/linux-mips64el/-/linux-mips64el-0.16.6.tgz#cfcb7bcae8fbc91d07c93f3c2e26779ddaa7c738"
  integrity sha512-/eR74aTs0dWrg/Y9m0H2iE6rIigkwxsaJlzlSoz6N5JspyARRXutAITveg1wGek4W5LkistZBjEeeyCnC3FT9Q==

"@esbuild/linux-ppc64@0.16.6":
  version "0.16.6"
  resolved "https://registry.yarnpkg.com/@esbuild/linux-ppc64/-/linux-ppc64-0.16.6.tgz#aa2b0fc6ab0dea618f23d13946032d327da7806e"
  integrity sha512-zwIKMrYQzh59ftwiuXREcXwyjvsRNLELOgdIE17CwTnc5Xxj2IR9Gi8NvQcMTquFoGaHOh8O7F2zJ3vU5LQEhA==

"@esbuild/linux-riscv64@0.16.6":
  version "0.16.6"
  resolved "https://registry.yarnpkg.com/@esbuild/linux-riscv64/-/linux-riscv64-0.16.6.tgz#ade24a148fc7ded3a8a042f97a6441beba4f4f96"
  integrity sha512-uqCmZ9GnYcD9Od9fiDYH4TLahw14S6ZgCVrIb1bBBwbAy4pEOPwB73vBX3mnG3ClHv7b5xsOYhCBZkfkoJEgMA==

"@esbuild/linux-s390x@0.16.6":
  version "0.16.6"
  resolved "https://registry.yarnpkg.com/@esbuild/linux-s390x/-/linux-s390x-0.16.6.tgz#b3c051e15f6fd3f9af801aa2cfe2cad0e069e4ea"
  integrity sha512-zt1vo5Zzu1Y+0K64wYIQR1pMVNYDbwDetrWy/4XyD4c+tnZfxGZwzZOmb65LSto8hxAYq5UG6DpHSNJ4zy5F1w==

"@esbuild/linux-x64@0.16.6":
  version "0.16.6"
  resolved "https://registry.yarnpkg.com/@esbuild/linux-x64/-/linux-x64-0.16.6.tgz#49368780003c0f32fc79738d20404e39429fdc48"
  integrity sha512-g2aCp+XjWGbHq57ZUfyWNOMVDKr0flizfOa6BkP9Ezn2BLZ+gibxF+6M6272vfvALFYsbCUY+AyoNxuCVcaKFg==

"@esbuild/netbsd-x64@0.16.6":
  version "0.16.6"
  resolved "https://registry.yarnpkg.com/@esbuild/netbsd-x64/-/netbsd-x64-0.16.6.tgz#2227e9483c5a861bbecd740e525cd9b17dc01c61"
  integrity sha512-q5tKkYilkgNLtp6szs/yXAHJJ4OEjoTRlHHPJtVyDj6AZsdDynrkoFUV98D+CncB9Im5CIRnPmJErb6EDvIR0Q==

"@esbuild/openbsd-x64@0.16.6":
  version "0.16.6"
  resolved "https://registry.yarnpkg.com/@esbuild/openbsd-x64/-/openbsd-x64-0.16.6.tgz#6c6d15c9f5797ce5f9c7bd105b867b8fbdc964b7"
  integrity sha512-dR+DrQ2Dsfia71xKgdUPnf6lc3y4O8qNE4nmhEJHrR7teS0yScspommz28MaIe/8c5IubqPuOY2SYQFSExG55w==

"@esbuild/sunos-x64@0.16.6":
  version "0.16.6"
  resolved "https://registry.yarnpkg.com/@esbuild/sunos-x64/-/sunos-x64-0.16.6.tgz#3ac4275f948653a56d52eca7483f8d683bdd14ca"
  integrity sha512-u0hH+njKsZCz7SHRIIkqnOCWITFL+uLaXB7ro3SSztWcx7iB//Lpg/2lkPZ7sZ1lVpO0nmaHWApZIbvMTCwz1Q==

"@esbuild/win32-arm64@0.16.6":
  version "0.16.6"
  resolved "https://registry.yarnpkg.com/@esbuild/win32-arm64/-/win32-arm64-0.16.6.tgz#8d913e77797c00e05922d46b6f74011bb0655bfd"
  integrity sha512-d+hveGvPLoGQHOKVDWfWSLUFnPtdpzWdtmz3PFq4t/iLg1MMTnPy48TrgC/JFTwcxDgKJdFw6ogTXjYN1tVALw==

"@esbuild/win32-ia32@0.16.6":
  version "0.16.6"
  resolved "https://registry.yarnpkg.com/@esbuild/win32-ia32/-/win32-ia32-0.16.6.tgz#573b4aa7389d1dc87ab1877a8ee19e2e13ad51b0"
  integrity sha512-/e2x2+Gq7afiU9xxw5J0r0DCsfsWY+hmjLNzXh6O/9Kf2kFxyCLKsPyTJmj0jQ0icz5aGlxtueH2Hnm5Rczt/Q==

"@esbuild/win32-x64@0.16.6":
  version "0.16.6"
  resolved "https://registry.yarnpkg.com/@esbuild/win32-x64/-/win32-x64-0.16.6.tgz#26094ac38600cdac049cb320018bc34da9af22c2"
  integrity sha512-BlXuMzOWhAcdLRzE/PQLAAyhItzvL1fRMvbmHV6k09Xiq8rZzFJB/CrfX3ZQI0nKBlfxO4sLN9H9WwK2nLo7Pg==

esbuild@^0.16.6:
  version "0.16.6"
  resolved "https://registry.yarnpkg.com/esbuild/-/esbuild-0.16.6.tgz#6f8aa19d2d41871f420a701e6df309337f6cb953"
  integrity sha512-0Fn9lUX1yy2iP56L0BDAgnQFJfkDICdYZ0Xm6Kgdwa72AkHoKX0egau/ZIROYdjJWPLJtl9bDuW7Xs56TuKPhQ==
  optionalDependencies:
    "@esbuild/android-arm" "0.16.6"
    "@esbuild/android-arm64" "0.16.6"
    "@esbuild/android-x64" "0.16.6"
    "@esbuild/darwin-arm64" "0.16.6"
    "@esbuild/darwin-x64" "0.16.6"
    "@esbuild/freebsd-arm64" "0.16.6"
    "@esbuild/freebsd-x64" "0.16.6"
    "@esbuild/linux-arm" "0.16.6"
    "@esbuild/linux-arm64" "0.16.6"
    "@esbuild/linux-ia32" "0.16.6"
    "@esbuild/linux-loong64" "0.16.6"
    "@esbuild/linux-mips64el" "0.16.6"
    "@esbuild/linux-ppc64" "0.16.6"
    "@esbuild/linux-riscv64" "0.16.6"
    "@esbuild/linux-s390x" "0.16.6"
    "@esbuild/linux-x64" "0.16.6"
    "@esbuild/netbsd-x64" "0.16.6"
    "@esbuild/openbsd-x64" "0.16.6"
    "@esbuild/sunos-x64" "0.16.6"
    "@esbuild/win32-arm64" "0.16.6"
    "@esbuild/win32-ia32" "0.16.6"
    "@esbuild/win32-x64" "0.16.6"

"gecko-types@file:third_party/dothq/gecko-types":
  version "0.0.0"

prettier@^2.7.1:
  version "2.8.1"
  resolved "https://registry.yarnpkg.com/prettier/-/prettier-2.8.1.tgz#4e1fd11c34e2421bc1da9aea9bd8127cd0a35efc"
  integrity sha512-lqGoSJBQNJidqCHE80vqZJHWHRFoNYsSpP9AjFhlhi9ODCJA541svILes/+/1GM3VaL/abZi7cpFzOpdR9UPKg==

typescript@^4.8.2:
  version "4.9.4"
  resolved "https://registry.yarnpkg.com/typescript/-/typescript-4.9.4.tgz#a2a3d2756c079abda241d75f149df9d561091e78"
  integrity sha512-Uz+dTXYzxXXbsFpM86Wh3dKCxrQqUcVMxwU54orwlJjOpO3ao8L7j5lH+dWfTwgCwIuM9GQ2kvVotzYJMXTBZg==
